// !$*UTF8*$!
{
	archiveVersion = 1;
	classes = {
	};
	objectVersion = 50;
	objects = {

/* Begin PBXBuildFile section */
		F9BC9F1525BF457900355AF1 /* AppDelegate.m in Sources */ = {isa = PBXBuildFile; fileRef = F9BC9F1425BF457900355AF1 /* AppDelegate.m */; };
		F9BC9F1725BF457B00355AF1 /* Assets.xcassets in Resources */ = {isa = PBXBuildFile; fileRef = F9BC9F1625BF457B00355AF1 /* Assets.xcassets */; };
		F9BC9F1A25BF457B00355AF1 /* MainMenu.xib in Resources */ = {isa = PBXBuildFile; fileRef = F9BC9F1825BF457B00355AF1 /* MainMenu.xib */; };
		F9BC9F1D25BF457B00355AF1 /* main.m in Sources */ = {isa = PBXBuildFile; fileRef = F9BC9F1C25BF457B00355AF1 /* main.m */; };
		F9BC9F2A25BF46E100355AF1 /* MASShortcut.framework in Frameworks */ = {isa = PBXBuildFile; fileRef = F9BC9F2725BF45EE00355AF1 /* MASShortcut.framework */; };
		F9BC9F2B25BF46E100355AF1 /* MASShortcut.framework in Embed Frameworks */ = {isa = PBXBuildFile; fileRef = F9BC9F2725BF45EE00355AF1 /* MASShortcut.framework */; settings = {ATTRIBUTES = (CodeSignOnCopy, RemoveHeadersOnCopy, ); }; };
/* End PBXBuildFile section */

/* Begin PBXCopyFilesBuildPhase section */
		F9BC9F2C25BF46E100355AF1 /* Embed Frameworks */ = {
			isa = PBXCopyFilesBuildPhase;
			buildActionMask = 2147483647;
			dstPath = "";
			dstSubfolderSpec = 10;
			files = (
				F9BC9F2B25BF46E100355AF1 /* MASShortcut.framework in Embed Frameworks */,
			);
			name = "Embed Frameworks";
			runOnlyForDeploymentPostprocessing = 0;
		};
/* End PBXCopyFilesBuildPhase section */

/* Begin PBXFileReference section */
		F9BC9F1025BF457900355AF1 /* ToggleStatusItemMenu.app */ = {isa = PBXFileReference; explicitFileType = wrapper.application; includeInIndex = 0; path = ToggleStatusItemMenu.app; sourceTree = BUILT_PRODUCTS_DIR; };
		F9BC9F1325BF457900355AF1 /* AppDelegate.h */ = {isa = PBXFileReference; lastKnownFileType = sourcecode.c.h; path = AppDelegate.h; sourceTree = "<group>"; };
		F9BC9F1425BF457900355AF1 /* AppDelegate.m */ = {isa = PBXFileReference; lastKnownFileType = sourcecode.c.objc; path = AppDelegate.m; sourceTree = "<group>"; };
		F9BC9F1625BF457B00355AF1 /* Assets.xcassets */ = {isa = PBXFileReference; lastKnownFileType = folder.assetcatalog; path = Assets.xcassets; sourceTree = "<group>"; };
		F9BC9F1925BF457B00355AF1 /* Base */ = {isa = PBXFileReference; lastKnownFileType = file.xib; name = Base; path = Base.lproj/MainMenu.xib; sourceTree = "<group>"; };
		F9BC9F1B25BF457B00355AF1 /* Info.plist */ = {isa = PBXFileReference; lastKnownFileType = text.plist.xml; path = Info.plist; sourceTree = "<group>"; };
		F9BC9F1C25BF457B00355AF1 /* main.m */ = {isa = PBXFileReference; lastKnownFileType = sourcecode.c.objc; path = main.m; sourceTree = "<group>"; };
		F9BC9F1E25BF457B00355AF1 /* ToggleStatusItemMenu.entitlements */ = {isa = PBXFileReference; lastKnownFileType = text.plist.entitlements; path = ToggleStatusItemMenu.entitlements; sourceTree = "<group>"; };
		F9BC9F2725BF45EE00355AF1 /* MASShortcut.framework */ = {isa = PBXFileReference; lastKnownFileType = wrapper.framework; path = MASShortcut.framework; sourceTree = "<group>"; };
/* End PBXFileReference section */

/* Begin PBXFrameworksBuildPhase section */
		F9BC9F0D25BF457900355AF1 /* Frameworks */ = {
			isa = PBXFrameworksBuildPhase;
			buildActionMask = 2147483647;
			files = (
				F9BC9F2A25BF46E100355AF1 /* MASShortcut.framework in Frameworks */,
			);
			runOnlyForDeploymentPostprocessing = 0;
		};
/* End PBXFrameworksBuildPhase section */

/* Begin PBXGroup section */
		F9BC9F0725BF457900355AF1 = {
			isa = PBXGroup;
			children = (
				F9BC9F1225BF457900355AF1 /* ToggleStatusItemMenu */,
				F9BC9F1125BF457900355AF1 /* Products */,
			);
			sourceTree = "<group>";
		};
		F9BC9F1125BF457900355AF1 /* Products */ = {
			isa = PBXGroup;
			children = (
				F9BC9F1025BF457900355AF1 /* ToggleStatusItemMenu.app */,
			);
			name = Products;
			sourceTree = "<group>";
		};
		F9BC9F1225BF457900355AF1 /* ToggleStatusItemMenu */ = {
			isa = PBXGroup;
			children = (
				F9BC9F1325BF457900355AF1 /* AppDelegate.h */,
				F9BC9F1425BF457900355AF1 /* AppDelegate.m */,
				F9BC9F2725BF45EE00355AF1 /* MASShortcut.framework */,
				F9BC9F1625BF457B00355AF1 /* Assets.xcassets */,
				F9BC9F1825BF457B00355AF1 /* MainMenu.xib */,
				F9BC9F1B25BF457B00355AF1 /* Info.plist */,
				F9BC9F1C25BF457B00355AF1 /* main.m */,
				F9BC9F1E25BF457B00355AF1 /* ToggleStatusItemMenu.entitlements */,
			);
			path = ToggleStatusItemMenu;
			sourceTree = "<group>";
		};
/* End PBXGroup section */

/* Begin PBXNativeTarget section */
		F9BC9F0F25BF457900355AF1 /* ToggleStatusItemMenu */ = {
			isa = PBXNativeTarget;
			buildConfigurationList = F9BC9F2125BF457B00355AF1 /* Build configuration list for PBXNativeTarget "ToggleStatusItemMenu" */;
			buildPhases = (
				F9BC9F0C25BF457900355AF1 /* Sources */,
				F9BC9F0D25BF457900355AF1 /* Frameworks */,
				F9BC9F0E25BF457900355AF1 /* Resources */,
				F9BC9F2C25BF46E100355AF1 /* Embed Frameworks */,
			);
			buildRules = (
			);
			dependencies = (
			);
			name = ToggleStatusItemMenu;
			productName = ToggleStatusItemMenu;
			productReference = F9BC9F1025BF457900355AF1 /* ToggleStatusItemMenu.app */;
			productType = "com.apple.product-type.application";
		};
/* End PBXNativeTarget section */

/* Begin PBXProject section */
		F9BC9F0825BF457900355AF1 /* Project object */ = {
			isa = PBXProject;
			attributes = {
				LastUpgradeCheck = 1230;
				TargetAttributes = {
					F9BC9F0F25BF457900355AF1 = {
						CreatedOnToolsVersion = 12.3;
					};
				};
			};
			buildConfigurationList = F9BC9F0B25BF457900355AF1 /* Build configuration list for PBXProject "ToggleStatusItemMenu" */;
			compatibilityVersion = "Xcode 9.3";
			developmentRegion = en;
			hasScannedForEncodings = 0;
			knownRegions = (
				en,
				Base,
			);
			mainGroup = F9BC9F0725BF457900355AF1;
			productRefGroup = F9BC9F1125BF457900355AF1 /* Products */;
			projectDirPath = "";
			projectRoot = "";
			targets = (
				F9BC9F0F25BF457900355AF1 /* ToggleStatusItemMenu */,
			);
		};
/* End PBXProject section */

/* Begin PBXResourcesBuildPhase section */
		F9BC9F0E25BF457900355AF1 /* Resources */ = {
			isa = PBXResourcesBuildPhase;
			buildActionMask = 2147483647;
			files = (
				F9BC9F1725BF457B00355AF1 /* Assets.xcassets in Resources */,
				F9BC9F1A25BF457B00355AF1 /* MainMenu.xib in Resources */,
			);
			runOnlyForDeploymentPostprocessing = 0;
		};
/* End PBXResourcesBuildPhase section */

/* Begin PBXSourcesBuildPhase section */
		F9BC9F0C25BF457900355AF1 /* Sources */ = {
			isa = PBXSourcesBuildPhase;
			buildActionMask = 2147483647;
			files = (
				F9BC9F1D25BF457B00355AF1 /* main.m in Sources */,
				F9BC9F1525BF457900355AF1 /* AppDelegate.m in Sources */,
			);
			runOnlyForDeploymentPostprocessing = 0;
		};
/* End PBXSourcesBuildPhase section */

/* Begin PBXVariantGroup section */
		F9BC9F1825BF457B00355AF1 /* MainMenu.xib */ = {
			isa = PBXVariantGroup;
			children = (
				F9BC9F1925BF457B00355AF1 /* Base */,
			);
			name = MainMenu.xib;
			sourceTree = "<group>";
		};
/* End PBXVariantGroup section */

/* Begin XCBuildConfiguration section */
		F9BC9F1F25BF457B00355AF1 /* Debug */ = {
			isa = XCBuildConfiguration;
			buildSettings = {
				ALWAYS_SEARCH_USER_PATHS = NO;
				CLANG_ANALYZER_NONNULL = YES;
				CLANG_ANALYZER_NUMBER_OBJECT_CONVERSION = YES_AGGRESSIVE;
				CLANG_CXX_LANGUAGE_STANDARD = "gnu++14";
				CLANG_CXX_LIBRARY = "libc++";
				CLANG_ENABLE_MODULES = YES;
				CLANG_ENABLE_OBJC_ARC = YES;
				CLANG_ENABLE_OBJC_WEAK = YES;
				CLANG_WARN_BLOCK_CAPTURE_AUTORELEASING = YES;
				CLANG_WARN_BOOL_CONVERSION = YES;
				CLANG_WARN_COMMA = YES;
				CLANG_WARN_CONSTANT_CONVERSION = YES;
				CLANG_WARN_DEPRECATED_OBJC_IMPLEMENTATIONS = YES;
				CLANG_WARN_DIRECT_OBJC_ISA_USAGE = YES_ERROR;
				CLANG_WARN_DOCUMENTATION_COMMENTS = YES;
				CLANG_WARN_EMPTY_BODY = YES;
				CLANG_WARN_ENUM_CONVERSION = YES;
				CLANG_WARN_INFINITE_RECURSION = YES;
				CLANG_WARN_INT_CONVERSION = YES;
				CLANG_WARN_NON_LITERAL_NULL_CONVERSION = YES;
				CLANG_WARN_OBJC_IMPLICIT_RETAIN_SELF = YES;
				CLANG_WARN_OBJC_LITERAL_CONVERSION = YES;
				CLANG_WARN_OBJC_ROOT_CLASS = YES_ERROR;
				CLANG_WARN_QUOTED_INCLUDE_IN_FRAMEWORK_HEADER = YES;
				CLANG_WARN_RANGE_LOOP_ANALYSIS = YES;
				CLANG_WARN_STRICT_PROTOTYPES = YES;
				CLANG_WARN_SUSPICIOUS_MOVE = YES;
				CLANG_WARN_UNGUARDED_AVAILABILITY = YES_AGGRESSIVE;
				CLANG_WARN_UNREACHABLE_CODE = YES;
				CLANG_WARN__DUPLICATE_METHOD_MATCH = YES;
				COPY_PHASE_STRIP = NO;
				DEBUG_INFORMATION_FORMAT = dwarf;
				ENABLE_STRICT_OBJC_MSGSEND = YES;
				ENABLE_TESTABILITY = YES;
				GCC_C_LANGUAGE_STANDARD = gnu11;
				GCC_DYNAMIC_NO_PIC = NO;
				GCC_NO_COMMON_BLOCKS = YES;
				GCC_OPTIMIZATION_LEVEL = 0;
				GCC_PREPROCESSOR_DEFINITIONS = (
					"DEBUG=1",
					"$(inherited)",
				);
				GCC_WARN_64_TO_32_BIT_CONVERSION = YES;
				GCC_WARN_ABOUT_RETURN_TYPE = YES_ERROR;
				GCC_WARN_UNDECLARED_SELECTOR = YES;
				GCC_WARN_UNINITIALIZED_AUTOS = YES_AGGRESSIVE;
				GCC_WARN_UNUSED_FUNCTION = YES;
				GCC_WARN_UNUSED_VARIABLE = YES;
				MACOSX_DEPLOYMENT_TARGET = 11.1;
				MTL_ENABLE_DEBUG_INFO = INCLUDE_SOURCE;
				MTL_FAST_MATH = YES;
				ONLY_ACTIVE_ARCH = YES;
				SDKROOT = macosx;
			};
			name = Debug;
		};
		F9BC9F2025BF457B00355AF1 /* Release */ = {
			isa = XCBuildConfiguration;
			buildSettings = {
				ALWAYS_SEARCH_USER_PATHS = NO;
				CLANG_ANALYZER_NONNULL = YES;
				CLANG_ANALYZER_NUMBER_OBJECT_CONVERSION = YES_AGGRESSIVE;
				CLANG_CXX_LANGUAGE_STANDARD = "gnu++14";
				CLANG_CXX_LIBRARY = "libc++";
				CLANG_ENABLE_MODULES = YES;
				CLANG_ENABLE_OBJC_ARC = YES;
				CLANG_ENABLE_OBJC_WEAK = YES;
				CLANG_WARN_BLOCK_CAPTURE_AUTORELEASING = YES;
				CLANG_WARN_BOOL_CONVERSION = YES;
				CLANG_WARN_COMMA = YES;
				CLANG_WARN_CONSTANT_CONVERSION = YES;
				CLANG_WARN_DEPRECATED_OBJC_IMPLEMENTATIONS = YES;
				CLANG_WARN_DIRECT_OBJC_ISA_USAGE = YES_ERROR;
				CLANG_WARN_DOCUMENTATION_COMMENTS = YES;
				CLANG_WARN_EMPTY_BODY = YES;
				CLANG_WARN_ENUM_CONVERSION = YES;
				CLANG_WARN_INFINITE_RECURSION = YES;
				CLANG_WARN_INT_CONVERSION = YES;
				CLANG_WARN_NON_LITERAL_NULL_CONVERSION = YES;
				CLANG_WARN_OBJC_IMPLICIT_RETAIN_SELF = YES;
				CLANG_WARN_OBJC_LITERAL_CONVERSION = YES;
				CLANG_WARN_OBJC_ROOT_CLASS = YES_ERROR;
				CLANG_WARN_QUOTED_INCLUDE_IN_FRAMEWORK_HEADER = YES;
				CLANG_WARN_RANGE_LOOP_ANALYSIS = YES;
				CLANG_WARN_STRICT_PROTOTYPES = YES;
				CLANG_WARN_SUSPICIOUS_MOVE = YES;
				CLANG_WARN_UNGUARDED_AVAILABILITY = YES_AGGRESSIVE;
				CLANG_WARN_UNREACHABLE_CODE = YES;
				CLANG_WARN__DUPLICATE_METHOD_MATCH = YES;
				COPY_PHASE_STRIP = NO;
				DEBUG_INFORMATION_FORMAT = "dwarf-with-dsym";
				ENABLE_NS_ASSERTIONS = NO;
				ENABLE_STRICT_OBJC_MSGSEND = YES;
				GCC_C_LANGUAGE_STANDARD = gnu11;
				GCC_NO_COMMON_BLOCKS = YES;
				GCC_WARN_64_TO_32_BIT_CONVERSION = YES;
				GCC_WARN_ABOUT_RETURN_TYPE = YES_ERROR;
				GCC_WARN_UNDECLARED_SELECTOR = YES;
				GCC_WARN_UNINITIALIZED_AUTOS = YES_AGGRESSIVE;
				GCC_WARN_UNUSED_FUNCTION = YES;
				GCC_WARN_UNUSED_VARIABLE = YES;
				MACOSX_DEPLOYMENT_TARGET = 11.1;
				MTL_ENABLE_DEBUG_INFO = NO;
				MTL_FAST_MATH = YES;
				SDKROOT = macosx;
			};
			name = Release;
		};
		F9BC9F2225BF457B00355AF1 /* Debug */ = {
			isa = XCBuildConfiguration;
			buildSettings = {
				ASSETCATALOG_COMPILER_APPICON_NAME = AppIcon;
				ASSETCATALOG_COMPILER_GLOBAL_ACCENT_COLOR_NAME = AccentColor;
				CODE_SIGN_ENTITLEMENTS = ToggleStatusItemMenu/ToggleStatusItemMenu.entitlements;
				CODE_SIGN_STYLE = Automatic;
				COMBINE_HIDPI_IMAGES = YES;
				DEVELOPMENT_TEAM = U5SR49N3PT;
				ENABLE_HARDENED_RUNTIME = YES;
				FRAMEWORK_SEARCH_PATHS = (
					"$(inherited)",
					"$(PROJECT_DIR)/ToggleStatusItemMenu",
				);
				INFOPLIST_FILE = ToggleStatusItemMenu/Info.plist;
				LD_RUNPATH_SEARCH_PATHS = (
					"$(inherited)",
					"@executable_path/../Frameworks",
				);
				PRODUCT_BUNDLE_IDENTIFIER = com.if.ToggleStatusItemMenu;
				PRODUCT_NAME = "$(TARGET_NAME)";
			};
			name = Debug;
		};
		F9BC9F2325BF457B00355AF1 /* Release */ = {
			isa = XCBuildConfiguration;
			buildSettings = {
				ASSETCATALOG_COMPILER_APPICON_NAME = AppIcon;
				ASSETCATALOG_COMPILER_GLOBAL_ACCENT_COLOR_NAME = AccentColor;
				CODE_SIGN_ENTITLEMENTS = ToggleStatusItemMenu/ToggleStatusItemMenu.entitlements;
				CODE_SIGN_STYLE = Automatic;
				COMBINE_HIDPI_IMAGES = YES;
				DEVELOPMENT_TEAM = U5SR49N3PT;
				ENABLE_HARDENED_RUNTIME = YES;
				FRAMEWORK_SEARCH_PATHS = (
					"$(inherited)",
					"$(PROJECT_DIR)/ToggleStatusItemMenu",
				);
				INFOPLIST_FILE = ToggleStatusItemMenu/Info.plist;
				LD_RUNPATH_SEARCH_PATHS = (
					"$(inherited)",
					"@executable_path/../Frameworks",
				);
				PRODUCT_BUNDLE_IDENTIFIER = com.if.ToggleStatusItemMenu;
				PRODUCT_NAME = "$(TARGET_NAME)";
			};
			name = Release;
		};
/* End XCBuildConfiguration section */

/* Begin XCConfigurationList section */
		F9BC9F0B25BF457900355AF1 /* Build configuration list for PBXProject "ToggleStatusItemMenu" */ = {
			isa = XCConfigurationList;
			buildConfigurations = (
				F9BC9F1F25BF457B00355AF1 /* Debug */,
				F9BC9F2025BF457B00355AF1 /* Release */,
			);
			defaultConfigurationIsVisible = 0;
			defaultConfigurationName = Release;
		};
		F9BC9F2125BF457B00355AF1 /* Build configuration list for PBXNativeTarget "ToggleStatusItemMenu" */ = {
			isa = XCConfigurationList;
			buildConfigurations = (
				F9BC9F2225BF457B00355AF1 /* Debug */,
				F9BC9F2325BF457B00355AF1 /* Release */,
			);
			defaultConfigurationIsVisible = 0;
			defaultConfigurationName = Release;
		};
/* End XCConfigurationList section */
	};
	rootObject = F9BC9F0825BF457900355AF1 /* Project object */;
}
